
Microsoft Visual Studio Solution File, Format Version 12.00
# Visual Studio Version 16
VisualStudioVersion = 16.0.29418.71
MinimumVisualStudioVersion = 10.0.40219.1
Project("{2150E333-8FDC-42A3-9474-1A3956D46DE8}") = "WebApi", "WebApi", "{4408A42E-3E28-4578-A4E9-E2319E883068}"
EndProject
Project("{9A19103F-16F7-4668-BE54-9A1E7A4F7556}") = "STT.WebApi.Contract", "STT.WebApi.Contract\STT.WebApi.Contract.csproj", "{1C82C251-684F-4050-9BBD-642D56F97327}"
EndProject
Project("{9A19103F-16F7-4668-BE54-9A1E7A4F7556}") = "STT.WebApi.APIClient", "STT.WebApi.APIClient\STT.WebApi.APIClient.csproj", "{9B69AEC1-19C0-4594-8CFC-32909DAD9180}"
EndProject
Project("{9A19103F-16F7-4668-BE54-9A1E7A4F7556}") = "STT.WebApi.Data", "STT.WebApi.Data\STT.WebApi.Data.csproj", "{3F5EA203-102B-4008-A5D6-4581B8581F58}"
EndProject
Project("{2150E333-8FDC-42A3-9474-1A3956D46DE8}") = "Scripts", "Scripts", "{E42C4697-2B22-4AA4-A86E-863F61EB5AFD}"
	ProjectSection(SolutionItems) = preProject
		..\..\..\Scripts\init.sql = ..\..\..\Scripts\init.sql
	EndProjectSection
EndProject
Project("{9A19103F-16F7-4668-BE54-9A1E7A4F7556}") = "STT.WebApi.Tests", "STT.WebApi.Tests\STT.WebApi.Tests.csproj", "{259235F8-1F40-4755-BED3-18FE8D5B1CA3}"
EndProject
Project("{9A19103F-16F7-4668-BE54-9A1E7A4F7556}") = "SST.WebApi.API", "SST.WebApi.API\SST.WebApi.API.csproj", "{F66BAF7F-09CD-4AA3-87B8-2E71981B00BB}"
EndProject
Project("{E53339B2-1760-4266-BCC7-CA923CBCF16C}") = "docker-compose", "docker-compose.dcproj", "{69F509F1-C634-4F3F-A8DE-8A76C6B795BE}"
EndProject
Project("{2150E333-8FDC-42A3-9474-1A3956D46DE8}") = "DBModel", "DBModel", "{7957BFBB-80B4-45D2-A1C1-7289FE44679D}"
	ProjectSection(SolutionItems) = preProject
		..\..\..\Scripts\Database.mwb = ..\..\..\Scripts\Database.mwb
	EndProjectSection
EndProject
Project("{2150E333-8FDC-42A3-9474-1A3956D46DE8}") = "Front", "Front", "{FA02E04B-BE91-4ADF-ABA9-4719C050E088}"
EndProject
Project("{9092AA53-FB77-4645-B42D-1CCCA6BD08BD}") = "SantexFootballFront", "SantexFootballFront\SantexFootballFront.njsproj", "{394DE370-8A2F-4300-B83F-49EFF45547CA}"
EndProject
Global
	GlobalSection(SolutionConfigurationPlatforms) = preSolution
		Debug|Any CPU = Debug|Any CPU
		Release|Any CPU = Release|Any CPU
	EndGlobalSection
	GlobalSection(ProjectConfigurationPlatforms) = postSolution
		{1C82C251-684F-4050-9BBD-642D56F97327}.Debug|Any CPU.ActiveCfg = Debug|Any CPU
		{1C82C251-684F-4050-9BBD-642D56F97327}.Debug|Any CPU.Build.0 = Debug|Any CPU
		{1C82C251-684F-4050-9BBD-642D56F97327}.Release|Any CPU.ActiveCfg = Release|Any CPU
		{1C82C251-684F-4050-9BBD-642D56F97327}.Release|Any CPU.Build.0 = Release|Any CPU
		{9B69AEC1-19C0-4594-8CFC-32909DAD9180}.Debug|Any CPU.ActiveCfg = Debug|Any CPU
		{9B69AEC1-19C0-4594-8CFC-32909DAD9180}.Debug|Any CPU.Build.0 = Debug|Any CPU
		{9B69AEC1-19C0-4594-8CFC-32909DAD9180}.Release|Any CPU.ActiveCfg = Release|Any CPU
		{9B69AEC1-19C0-4594-8CFC-32909DAD9180}.Release|Any CPU.Build.0 = Release|Any CPU
		{3F5EA203-102B-4008-A5D6-4581B8581F58}.Debug|Any CPU.ActiveCfg = Debug|Any CPU
		{3F5EA203-102B-4008-A5D6-4581B8581F58}.Debug|Any CPU.Build.0 = Debug|Any CPU
		{3F5EA203-102B-4008-A5D6-4581B8581F58}.Release|Any CPU.ActiveCfg = Release|Any CPU
		{3F5EA203-102B-4008-A5D6-4581B8581F58}.Release|Any CPU.Build.0 = Release|Any CPU
		{259235F8-1F40-4755-BED3-18FE8D5B1CA3}.Debug|Any CPU.ActiveCfg = Debug|Any CPU
		{259235F8-1F40-4755-BED3-18FE8D5B1CA3}.Debug|Any CPU.Build.0 = Debug|Any CPU
		{259235F8-1F40-4755-BED3-18FE8D5B1CA3}.Release|Any CPU.ActiveCfg = Release|Any CPU
		{259235F8-1F40-4755-BED3-18FE8D5B1CA3}.Release|Any CPU.Build.0 = Release|Any CPU
		{F66BAF7F-09CD-4AA3-87B8-2E71981B00BB}.Debug|Any CPU.ActiveCfg = Debug|Any CPU
		{F66BAF7F-09CD-4AA3-87B8-2E71981B00BB}.Debug|Any CPU.Build.0 = Debug|Any CPU
		{F66BAF7F-09CD-4AA3-87B8-2E71981B00BB}.Release|Any CPU.ActiveCfg = Release|Any CPU
		{F66BAF7F-09CD-4AA3-87B8-2E71981B00BB}.Release|Any CPU.Build.0 = Release|Any CPU
		{69F509F1-C634-4F3F-A8DE-8A76C6B795BE}.Debug|Any CPU.ActiveCfg = Debug|Any CPU
		{69F509F1-C634-4F3F-A8DE-8A76C6B795BE}.Debug|Any CPU.Build.0 = Debug|Any CPU
		{69F509F1-C634-4F3F-A8DE-8A76C6B795BE}.Release|Any CPU.ActiveCfg = Release|Any CPU
		{69F509F1-C634-4F3F-A8DE-8A76C6B795BE}.Release|Any CPU.Build.0 = Release|Any CPU
		{394DE370-8A2F-4300-B83F-49EFF45547CA}.Debug|Any CPU.ActiveCfg = Debug|Any CPU
		{394DE370-8A2F-4300-B83F-49EFF45547CA}.Debug|Any CPU.Build.0 = Debug|Any CPU
		{394DE370-8A2F-4300-B83F-49EFF45547CA}.Release|Any CPU.ActiveCfg = Release|Any CPU
		{394DE370-8A2F-4300-B83F-49EFF45547CA}.Release|Any CPU.Build.0 = Release|Any CPU
	EndGlobalSection
	GlobalSection(SolutionProperties) = preSolution
		HideSolutionNode = FALSE
	EndGlobalSection
	GlobalSection(NestedProjects) = preSolution
		{1C82C251-684F-4050-9BBD-642D56F97327} = {4408A42E-3E28-4578-A4E9-E2319E883068}
		{9B69AEC1-19C0-4594-8CFC-32909DAD9180} = {4408A42E-3E28-4578-A4E9-E2319E883068}
		{3F5EA203-102B-4008-A5D6-4581B8581F58} = {4408A42E-3E28-4578-A4E9-E2319E883068}
		{259235F8-1F40-4755-BED3-18FE8D5B1CA3} = {4408A42E-3E28-4578-A4E9-E2319E883068}
		{F66BAF7F-09CD-4AA3-87B8-2E71981B00BB} = {4408A42E-3E28-4578-A4E9-E2319E883068}
		{394DE370-8A2F-4300-B83F-49EFF45547CA} = {FA02E04B-BE91-4ADF-ABA9-4719C050E088}
	EndGlobalSection
	GlobalSection(ExtensibilityGlobals) = postSolution
		SolutionGuid = {3AF37CC7-DF9C-4026-8D69-53BDBEBC391C}
	EndGlobalSection
EndGlobal
